
Microsoft Visual Studio Solution File, Format Version 12.00
# Visual Studio Version 16
VisualStudioVersion = 16.0.30804.86
MinimumVisualStudioVersion = 10.0.40219.1
Project("{FAE04EC0-301F-11D3-BF4B-00C04F79EFBC}") = "RabbitDataProcessor", "RabbitDataProcessor\RabbitDataProcessor.csproj", "{BF03CFF6-8C4E-4097-9399-A9A0E62ED32F}"
EndProject
Project("{FAE04EC0-301F-11D3-BF4B-00C04F79EFBC}") = "RabbitDataShared", "RabbitDataShared\RabbitDataShared.csproj", "{C3D63D39-B264-4A48-8566-2E18675E9616}"
EndProject
Project("{FAE04EC0-301F-11D3-BF4B-00C04F79EFBC}") = "RabbitDataPublisher", "RabbitDataPublisher\RabbitDataPublisher.csproj", "{40169BBA-5F5B-4D6F-AA76-B63E2FA1BA58}"
EndProject
Global
	GlobalSection(SolutionConfigurationPlatforms) = preSolution
		Debug|Any CPU = Debug|Any CPU
		Release|Any CPU = Release|Any CPU
	EndGlobalSection
	GlobalSection(ProjectConfigurationPlatforms) = postSolution
		{BF03CFF6-8C4E-4097-9399-A9A0E62ED32F}.Debug|Any CPU.ActiveCfg = Debug|Any CPU
		{BF03CFF6-8C4E-4097-9399-A9A0E62ED32F}.Debug|Any CPU.Build.0 = Debug|Any CPU
		{BF03CFF6-8C4E-4097-9399-A9A0E62ED32F}.Release|Any CPU.ActiveCfg = Release|Any CPU
		{BF03CFF6-8C4E-4097-9399-A9A0E62ED32F}.Release|Any CPU.Build.0 = Release|Any CPU
		{C3D63D39-B264-4A48-8566-2E18675E9616}.Debug|Any CPU.ActiveCfg = Debug|Any CPU
		{C3D63D39-B264-4A48-8566-2E18675E9616}.Debug|Any CPU.Build.0 = Debug|Any CPU
		{C3D63D39-B264-4A48-8566-2E18675E9616}.Release|Any CPU.ActiveCfg = Release|Any CPU
		{C3D63D39-B264-4A48-8566-2E18675E9616}.Release|Any CPU.Build.0 = Release|Any CPU
		{40169BBA-5F5B-4D6F-AA76-B63E2FA1BA58}.Debug|Any CPU.ActiveCfg = Debug|Any CPU
		{40169BBA-5F5B-4D6F-AA76-B63E2FA1BA58}.Debug|Any CPU.Build.0 = Debug|Any CPU
		{40169BBA-5F5B-4D6F-AA76-B63E2FA1BA58}.Release|Any CPU.ActiveCfg = Release|Any CPU
		{40169BBA-5F5B-4D6F-AA76-B63E2FA1BA58}.Release|Any CPU.Build.0 = Release|Any CPU
	EndGlobalSection
	GlobalSection(SolutionProperties) = preSolution
		HideSolutionNode = FALSE
	EndGlobalSection
	GlobalSection(ExtensibilityGlobals) = postSolution
		SolutionGuid = {12FF06F3-04A4-4279-9E89-63290423A6B8}
	EndGlobalSection
EndGlobal
